
Microsoft Visual Studio Solution File, Format Version 12.00
# Visual Studio Version 17
VisualStudioVersion = 17.4.33213.308
MinimumVisualStudioVersion = 10.0.40219.1
Project("{FAE04EC0-301F-11D3-BF4B-00C04F79EFBC}") = "Patients.Api", "Patients.Api\Patients.Api.csproj", "{C15899EA-60DB-4CAC-BA4D-3B2CCDD4F118}"
EndProject
Project("{FAE04EC0-301F-11D3-BF4B-00C04F79EFBC}") = "Patients.Application", "Patients.Application\Patients.Application.csproj", "{6A4659EB-B3AA-492E-B8BE-1D6CF58F609E}"
EndProject
Project("{FAE04EC0-301F-11D3-BF4B-00C04F79EFBC}") = "Patients.Contracts", "Patients.Contracts\Patients.Contracts.csproj", "{13DD567D-DBFF-4A6C-9453-3184C023BE90}"
EndProject
Global
	GlobalSection(SolutionConfigurationPlatforms) = preSolution
		Debug|Any CPU = Debug|Any CPU
		Release|Any CPU = Release|Any CPU
	EndGlobalSection
	GlobalSection(ProjectConfigurationPlatforms) = postSolution
		{C15899EA-60DB-4CAC-BA4D-3B2CCDD4F118}.Debug|Any CPU.ActiveCfg = Debug|Any CPU
		{C15899EA-60DB-4CAC-BA4D-3B2CCDD4F118}.Debug|Any CPU.Build.0 = Debug|Any CPU
		{C15899EA-60DB-4CAC-BA4D-3B2CCDD4F118}.Release|Any CPU.ActiveCfg = Release|Any CPU
		{C15899EA-60DB-4CAC-BA4D-3B2CCDD4F118}.Release|Any CPU.Build.0 = Release|Any CPU
		{6A4659EB-B3AA-492E-B8BE-1D6CF58F609E}.Debug|Any CPU.ActiveCfg = Debug|Any CPU
		{6A4659EB-B3AA-492E-B8BE-1D6CF58F609E}.Debug|Any CPU.Build.0 = Debug|Any CPU
		{6A4659EB-B3AA-492E-B8BE-1D6CF58F609E}.Release|Any CPU.ActiveCfg = Release|Any CPU
		{6A4659EB-B3AA-492E-B8BE-1D6CF58F609E}.Release|Any CPU.Build.0 = Release|Any CPU
		{13DD567D-DBFF-4A6C-9453-3184C023BE90}.Debug|Any CPU.ActiveCfg = Debug|Any CPU
		{13DD567D-DBFF-4A6C-9453-3184C023BE90}.Debug|Any CPU.Build.0 = Debug|Any CPU
		{13DD567D-DBFF-4A6C-9453-3184C023BE90}.Release|Any CPU.ActiveCfg = Release|Any CPU
		{13DD567D-DBFF-4A6C-9453-3184C023BE90}.Release|Any CPU.Build.0 = Release|Any CPU
	EndGlobalSection
	GlobalSection(SolutionProperties) = preSolution
		HideSolutionNode = FALSE
	EndGlobalSection
	GlobalSection(ExtensibilityGlobals) = postSolution
		SolutionGuid = {73E3DFC1-9E65-43AD-B1FD-18173B42425F}
	EndGlobalSection
EndGlobal
